
Microsoft Visual Studio Solution File, Format Version 12.00
# Visual Studio Version 17
VisualStudioVersion = 17.0.31903.59
MinimumVisualStudioVersion = 10.0.40219.1
Project("{FAE04EC0-301F-11D3-BF4B-00C04F79EFBC}") = "day1", "day1\day1.csproj", "{E96F63E9-2708-4EE1-8BDB-BE9625B80285}"
EndProject
Project("{FAE04EC0-301F-11D3-BF4B-00C04F79EFBC}") = "Day1-LogicExcersice", "Day1-LogicExcersice\Day1-LogicExcersice.csproj", "{1D3F906E-B7B3-4536-A775-F3700D367CDE}"
EndProject
Project("{FAE04EC0-301F-11D3-BF4B-00C04F79EFBC}") = "Day2", "Day2\Day2.csproj", "{46EF7D78-EDD9-477E-AA69-97D4A23D33D8}"
EndProject
Project("{2150E333-8FDC-42A3-9474-1A3956D46DE8}") = "Day2", "Day2", "{5EB2EB15-0A8C-4637-94D6-83509C03B597}"
EndProject
Project("{FAE04EC0-301F-11D3-BF4B-00C04F79EFBC}") = "Constructor", "Day2\Constructor\Constructor.csproj", "{34F99CCF-94C2-4A17-93FE-1E15628EC46B}"
EndProject
Project("{FAE04EC0-301F-11D3-BF4B-00C04F79EFBC}") = "Iteration", "Day2\Iteration\Iteration.csproj", "{95DB9B82-82BB-454C-A2C8-092643E12679}"
EndProject
Project("{FAE04EC0-301F-11D3-BF4B-00C04F79EFBC}") = "Polymorphism", "Day2\Polymorphism\Polymorphism.csproj", "{DBE0941A-AB54-4E48-91AF-76B0B1A796DC}"
EndProject
Project("{FAE04EC0-301F-11D3-BF4B-00C04F79EFBC}") = "Overloading", "Day2\Overloading\Overloading.csproj", "{4B4BB941-5A39-4F24-93D3-C78E03CF618B}"
EndProject
Project("{FAE04EC0-301F-11D3-BF4B-00C04F79EFBC}") = "Encapsulation", "Day2\Encapsulation\Encapsulation.csproj", "{601AA765-C80F-47EE-A985-9CF6682984CB}"
EndProject
Project("{FAE04EC0-301F-11D3-BF4B-00C04F79EFBC}") = "Composition", "Day2\Composition\Composition.csproj", "{39971519-FE4D-47FA-BFE3-591F141CA818}"
EndProject
Project("{FAE04EC0-301F-11D3-BF4B-00C04F79EFBC}") = "Interface", "Day2\Interface\Interface.csproj", "{D20E9FCF-5D47-44C1-8067-7C9CA11C2D71}"
EndProject
Project("{FAE04EC0-301F-11D3-BF4B-00C04F79EFBC}") = "NullOperator", "Day2\NullOperator\NullOperator.csproj", "{25E23D77-0429-444E-946A-0CD63F8F5EFB}"
EndProject
Project("{2150E333-8FDC-42A3-9474-1A3956D46DE8}") = "Day3", "Day3", "{C5987312-1C9B-456C-AD16-E87C193A3C90}"
EndProject
Project("{FAE04EC0-301F-11D3-BF4B-00C04F79EFBC}") = "Enums", "Day3\Enums\Enums.csproj", "{1905016C-C28A-4B80-AD6E-DEAFC2B81B0D}"
EndProject
Project("{FAE04EC0-301F-11D3-BF4B-00C04F79EFBC}") = "Interface", "Day3\Interface\Interface.csproj", "{CA0D1E28-6C11-4E7F-B6E4-8F3549349B97}"
EndProject
Project("{FAE04EC0-301F-11D3-BF4B-00C04F79EFBC}") = "Generics", "Day3\Generics\Generics.csproj", "{1AF83221-1BD4-4D46-90D9-8BDA64780E0C}"
EndProject
Global
	GlobalSection(SolutionConfigurationPlatforms) = preSolution
		Debug|Any CPU = Debug|Any CPU
		Release|Any CPU = Release|Any CPU
	EndGlobalSection
	GlobalSection(SolutionProperties) = preSolution
		HideSolutionNode = FALSE
	EndGlobalSection
	GlobalSection(ProjectConfigurationPlatforms) = postSolution
		{E96F63E9-2708-4EE1-8BDB-BE9625B80285}.Debug|Any CPU.ActiveCfg = Debug|Any CPU
		{E96F63E9-2708-4EE1-8BDB-BE9625B80285}.Debug|Any CPU.Build.0 = Debug|Any CPU
		{E96F63E9-2708-4EE1-8BDB-BE9625B80285}.Release|Any CPU.ActiveCfg = Release|Any CPU
		{E96F63E9-2708-4EE1-8BDB-BE9625B80285}.Release|Any CPU.Build.0 = Release|Any CPU
		{1D3F906E-B7B3-4536-A775-F3700D367CDE}.Debug|Any CPU.ActiveCfg = Debug|Any CPU
		{1D3F906E-B7B3-4536-A775-F3700D367CDE}.Debug|Any CPU.Build.0 = Debug|Any CPU
		{1D3F906E-B7B3-4536-A775-F3700D367CDE}.Release|Any CPU.ActiveCfg = Release|Any CPU
		{1D3F906E-B7B3-4536-A775-F3700D367CDE}.Release|Any CPU.Build.0 = Release|Any CPU
		{46EF7D78-EDD9-477E-AA69-97D4A23D33D8}.Debug|Any CPU.ActiveCfg = Debug|Any CPU
		{46EF7D78-EDD9-477E-AA69-97D4A23D33D8}.Debug|Any CPU.Build.0 = Debug|Any CPU
		{46EF7D78-EDD9-477E-AA69-97D4A23D33D8}.Release|Any CPU.ActiveCfg = Release|Any CPU
		{46EF7D78-EDD9-477E-AA69-97D4A23D33D8}.Release|Any CPU.Build.0 = Release|Any CPU
		{34F99CCF-94C2-4A17-93FE-1E15628EC46B}.Debug|Any CPU.ActiveCfg = Debug|Any CPU
		{34F99CCF-94C2-4A17-93FE-1E15628EC46B}.Debug|Any CPU.Build.0 = Debug|Any CPU
		{34F99CCF-94C2-4A17-93FE-1E15628EC46B}.Release|Any CPU.ActiveCfg = Release|Any CPU
		{34F99CCF-94C2-4A17-93FE-1E15628EC46B}.Release|Any CPU.Build.0 = Release|Any CPU
		{95DB9B82-82BB-454C-A2C8-092643E12679}.Debug|Any CPU.ActiveCfg = Debug|Any CPU
		{95DB9B82-82BB-454C-A2C8-092643E12679}.Debug|Any CPU.Build.0 = Debug|Any CPU
		{95DB9B82-82BB-454C-A2C8-092643E12679}.Release|Any CPU.ActiveCfg = Release|Any CPU
		{95DB9B82-82BB-454C-A2C8-092643E12679}.Release|Any CPU.Build.0 = Release|Any CPU
		{DBE0941A-AB54-4E48-91AF-76B0B1A796DC}.Debug|Any CPU.ActiveCfg = Debug|Any CPU
		{DBE0941A-AB54-4E48-91AF-76B0B1A796DC}.Debug|Any CPU.Build.0 = Debug|Any CPU
		{DBE0941A-AB54-4E48-91AF-76B0B1A796DC}.Release|Any CPU.ActiveCfg = Release|Any CPU
		{DBE0941A-AB54-4E48-91AF-76B0B1A796DC}.Release|Any CPU.Build.0 = Release|Any CPU
		{4B4BB941-5A39-4F24-93D3-C78E03CF618B}.Debug|Any CPU.ActiveCfg = Debug|Any CPU
		{4B4BB941-5A39-4F24-93D3-C78E03CF618B}.Debug|Any CPU.Build.0 = Debug|Any CPU
		{4B4BB941-5A39-4F24-93D3-C78E03CF618B}.Release|Any CPU.ActiveCfg = Release|Any CPU
		{4B4BB941-5A39-4F24-93D3-C78E03CF618B}.Release|Any CPU.Build.0 = Release|Any CPU
		{601AA765-C80F-47EE-A985-9CF6682984CB}.Debug|Any CPU.ActiveCfg = Debug|Any CPU
		{601AA765-C80F-47EE-A985-9CF6682984CB}.Debug|Any CPU.Build.0 = Debug|Any CPU
		{601AA765-C80F-47EE-A985-9CF6682984CB}.Release|Any CPU.ActiveCfg = Release|Any CPU
		{601AA765-C80F-47EE-A985-9CF6682984CB}.Release|Any CPU.Build.0 = Release|Any CPU
		{39971519-FE4D-47FA-BFE3-591F141CA818}.Debug|Any CPU.ActiveCfg = Debug|Any CPU
		{39971519-FE4D-47FA-BFE3-591F141CA818}.Debug|Any CPU.Build.0 = Debug|Any CPU
		{39971519-FE4D-47FA-BFE3-591F141CA818}.Release|Any CPU.ActiveCfg = Release|Any CPU
		{39971519-FE4D-47FA-BFE3-591F141CA818}.Release|Any CPU.Build.0 = Release|Any CPU
		{D20E9FCF-5D47-44C1-8067-7C9CA11C2D71}.Debug|Any CPU.ActiveCfg = Debug|Any CPU
		{D20E9FCF-5D47-44C1-8067-7C9CA11C2D71}.Debug|Any CPU.Build.0 = Debug|Any CPU
		{D20E9FCF-5D47-44C1-8067-7C9CA11C2D71}.Release|Any CPU.ActiveCfg = Release|Any CPU
		{D20E9FCF-5D47-44C1-8067-7C9CA11C2D71}.Release|Any CPU.Build.0 = Release|Any CPU
		{25E23D77-0429-444E-946A-0CD63F8F5EFB}.Debug|Any CPU.ActiveCfg = Debug|Any CPU
		{25E23D77-0429-444E-946A-0CD63F8F5EFB}.Debug|Any CPU.Build.0 = Debug|Any CPU
		{25E23D77-0429-444E-946A-0CD63F8F5EFB}.Release|Any CPU.ActiveCfg = Release|Any CPU
		{25E23D77-0429-444E-946A-0CD63F8F5EFB}.Release|Any CPU.Build.0 = Release|Any CPU
		{1905016C-C28A-4B80-AD6E-DEAFC2B81B0D}.Debug|Any CPU.ActiveCfg = Debug|Any CPU
		{1905016C-C28A-4B80-AD6E-DEAFC2B81B0D}.Debug|Any CPU.Build.0 = Debug|Any CPU
		{1905016C-C28A-4B80-AD6E-DEAFC2B81B0D}.Release|Any CPU.ActiveCfg = Release|Any CPU
		{1905016C-C28A-4B80-AD6E-DEAFC2B81B0D}.Release|Any CPU.Build.0 = Release|Any CPU
		{CA0D1E28-6C11-4E7F-B6E4-8F3549349B97}.Debug|Any CPU.ActiveCfg = Debug|Any CPU
		{CA0D1E28-6C11-4E7F-B6E4-8F3549349B97}.Debug|Any CPU.Build.0 = Debug|Any CPU
		{CA0D1E28-6C11-4E7F-B6E4-8F3549349B97}.Release|Any CPU.ActiveCfg = Release|Any CPU
		{CA0D1E28-6C11-4E7F-B6E4-8F3549349B97}.Release|Any CPU.Build.0 = Release|Any CPU
		{1AF83221-1BD4-4D46-90D9-8BDA64780E0C}.Debug|Any CPU.ActiveCfg = Debug|Any CPU
		{1AF83221-1BD4-4D46-90D9-8BDA64780E0C}.Debug|Any CPU.Build.0 = Debug|Any CPU
		{1AF83221-1BD4-4D46-90D9-8BDA64780E0C}.Release|Any CPU.ActiveCfg = Release|Any CPU
		{1AF83221-1BD4-4D46-90D9-8BDA64780E0C}.Release|Any CPU.Build.0 = Release|Any CPU
	EndGlobalSection
	GlobalSection(NestedProjects) = preSolution
		{46EF7D78-EDD9-477E-AA69-97D4A23D33D8} = {5EB2EB15-0A8C-4637-94D6-83509C03B597}
		{34F99CCF-94C2-4A17-93FE-1E15628EC46B} = {5EB2EB15-0A8C-4637-94D6-83509C03B597}
		{95DB9B82-82BB-454C-A2C8-092643E12679} = {5EB2EB15-0A8C-4637-94D6-83509C03B597}
		{DBE0941A-AB54-4E48-91AF-76B0B1A796DC} = {5EB2EB15-0A8C-4637-94D6-83509C03B597}
		{4B4BB941-5A39-4F24-93D3-C78E03CF618B} = {5EB2EB15-0A8C-4637-94D6-83509C03B597}
		{601AA765-C80F-47EE-A985-9CF6682984CB} = {5EB2EB15-0A8C-4637-94D6-83509C03B597}
		{39971519-FE4D-47FA-BFE3-591F141CA818} = {5EB2EB15-0A8C-4637-94D6-83509C03B597}
		{D20E9FCF-5D47-44C1-8067-7C9CA11C2D71} = {5EB2EB15-0A8C-4637-94D6-83509C03B597}
		{25E23D77-0429-444E-946A-0CD63F8F5EFB} = {5EB2EB15-0A8C-4637-94D6-83509C03B597}
		{1905016C-C28A-4B80-AD6E-DEAFC2B81B0D} = {C5987312-1C9B-456C-AD16-E87C193A3C90}
		{CA0D1E28-6C11-4E7F-B6E4-8F3549349B97} = {C5987312-1C9B-456C-AD16-E87C193A3C90}
		{1AF83221-1BD4-4D46-90D9-8BDA64780E0C} = {C5987312-1C9B-456C-AD16-E87C193A3C90}
	EndGlobalSection
EndGlobal
