Microsoft Visual Studio Solution File, Format Version 12.00
# Visual Studio Version 17
VisualStudioVersion = 17.5.2.0
MinimumVisualStudioVersion = 10.0.40219.1
Project("{FAE04EC0-301F-11D3-BF4B-00C04F79EFBC}") = "KlatenUniversityWebApp", "KlatenUniversityWebApp.csproj", "{CD554428-FEBD-8828-0DD9-7A07E038EFD0}"
EndProject
Global
	GlobalSection(SolutionConfigurationPlatforms) = preSolution
		Debug|Any CPU = Debug|Any CPU
		Release|Any CPU = Release|Any CPU
	EndGlobalSection
	GlobalSection(ProjectConfigurationPlatforms) = postSolution
		{CD554428-FEBD-8828-0DD9-7A07E038EFD0}.Debug|Any CPU.ActiveCfg = Debug|Any CPU
		{CD554428-FEBD-8828-0DD9-7A07E038EFD0}.Debug|Any CPU.Build.0 = Debug|Any CPU
		{CD554428-FEBD-8828-0DD9-7A07E038EFD0}.Release|Any CPU.ActiveCfg = Release|Any CPU
		{CD554428-FEBD-8828-0DD9-7A07E038EFD0}.Release|Any CPU.Build.0 = Release|Any CPU
	EndGlobalSection
	GlobalSection(SolutionProperties) = preSolution
		HideSolutionNode = FALSE
	EndGlobalSection
	GlobalSection(ExtensibilityGlobals) = postSolution
		SolutionGuid = {ABA56D55-57EB-4FF2-A1B6-F84A0A33B965}
	EndGlobalSection
EndGlobal
