Microsoft Visual Studio Solution File, Format Version 12.00
# Visual Studio Version 17
VisualStudioVersion = 17.5.2.0
MinimumVisualStudioVersion = 10.0.40219.1
Project("{FAE04EC0-301F-11D3-BF4B-00C04F79EFBC}") = "WebAPITest", "WebAPITest.csproj", "{32B2B624-7740-30EE-A8E4-67F8259408E9}"
EndProject
Global
	GlobalSection(SolutionConfigurationPlatforms) = preSolution
		Debug|Any CPU = Debug|Any CPU
		Release|Any CPU = Release|Any CPU
	EndGlobalSection
	GlobalSection(ProjectConfigurationPlatforms) = postSolution
		{32B2B624-7740-30EE-A8E4-67F8259408E9}.Debug|Any CPU.ActiveCfg = Debug|Any CPU
		{32B2B624-7740-30EE-A8E4-67F8259408E9}.Debug|Any CPU.Build.0 = Debug|Any CPU
		{32B2B624-7740-30EE-A8E4-67F8259408E9}.Release|Any CPU.ActiveCfg = Release|Any CPU
		{32B2B624-7740-30EE-A8E4-67F8259408E9}.Release|Any CPU.Build.0 = Release|Any CPU
	EndGlobalSection
	GlobalSection(SolutionProperties) = preSolution
		HideSolutionNode = FALSE
	EndGlobalSection
	GlobalSection(ExtensibilityGlobals) = postSolution
		SolutionGuid = {AF7AC915-9052-413C-BDDD-88200CE0E30E}
	EndGlobalSection
EndGlobal
